
Microsoft Visual Studio Solution File, Format Version 12.00
# Visual Studio Version 17
VisualStudioVersion = 17.2.32519.379
MinimumVisualStudioVersion = 10.0.40219.1
Project("{9A19103F-16F7-4668-BE54-9A1E7A4F7556}") = "NeoBlazorphic", "NeoBlazorphic\NeoBlazorphic.csproj", "{0EBE957A-E278-4467-8064-17F6D2D35469}"
EndProject
Project("{FAE04EC0-301F-11D3-BF4B-00C04F79EFBC}") = "Sandbox", "Sandbox\Sandbox.csproj", "{493377DF-174D-47FB-99B2-E2E397363EF8}"
EndProject
Global
	GlobalSection(SolutionConfigurationPlatforms) = preSolution
		Debug|Any CPU = Debug|Any CPU
		Release|Any CPU = Release|Any CPU
	EndGlobalSection
	GlobalSection(ProjectConfigurationPlatforms) = postSolution
		{0EBE957A-E278-4467-8064-17F6D2D35469}.Debug|Any CPU.ActiveCfg = Debug|Any CPU
		{0EBE957A-E278-4467-8064-17F6D2D35469}.Debug|Any CPU.Build.0 = Debug|Any CPU
		{0EBE957A-E278-4467-8064-17F6D2D35469}.Release|Any CPU.ActiveCfg = Release|Any CPU
		{0EBE957A-E278-4467-8064-17F6D2D35469}.Release|Any CPU.Build.0 = Release|Any CPU
		{493377DF-174D-47FB-99B2-E2E397363EF8}.Debug|Any CPU.ActiveCfg = Debug|Any CPU
		{493377DF-174D-47FB-99B2-E2E397363EF8}.Debug|Any CPU.Build.0 = Debug|Any CPU
		{493377DF-174D-47FB-99B2-E2E397363EF8}.Release|Any CPU.ActiveCfg = Release|Any CPU
		{493377DF-174D-47FB-99B2-E2E397363EF8}.Release|Any CPU.Build.0 = Release|Any CPU
	EndGlobalSection
	GlobalSection(SolutionProperties) = preSolution
		HideSolutionNode = FALSE
	EndGlobalSection
	GlobalSection(ExtensibilityGlobals) = postSolution
		SolutionGuid = {DF22C2D1-5AB9-4FBD-8D37-AA202F4D7DDB}
	EndGlobalSection
EndGlobal
